
Microsoft Visual Studio Solution File, Format Version 12.00
# Visual Studio Version 17
VisualStudioVersion = 17.8.34322.80
MinimumVisualStudioVersion = 10.0.40219.1
Project("{FAE04EC0-301F-11D3-BF4B-00C04F79EFBC}") = "RDPHelper", "RDPHelper\RDPHelper.csproj", "{5787460C-523F-40C7-8E04-CB810E3266C5}"
EndProject
Global
	GlobalSection(SolutionConfigurationPlatforms) = preSolution
		Debug|Any CPU = Debug|Any CPU
		Release|Any CPU = Release|Any CPU
	EndGlobalSection
	GlobalSection(ProjectConfigurationPlatforms) = postSolution
		{5787460C-523F-40C7-8E04-CB810E3266C5}.Debug|Any CPU.ActiveCfg = Debug|Any CPU
		{5787460C-523F-40C7-8E04-CB810E3266C5}.Debug|Any CPU.Build.0 = Debug|Any CPU
		{5787460C-523F-40C7-8E04-CB810E3266C5}.Release|Any CPU.ActiveCfg = Release|Any CPU
		{5787460C-523F-40C7-8E04-CB810E3266C5}.Release|Any CPU.Build.0 = Release|Any CPU
	EndGlobalSection
	GlobalSection(SolutionProperties) = preSolution
		HideSolutionNode = FALSE
	EndGlobalSection
	GlobalSection(ExtensibilityGlobals) = postSolution
		SolutionGuid = {BA6EC43A-4439-4E5B-BD9A-727CB8933609}
	EndGlobalSection
EndGlobal
